
Microsoft Visual Studio Solution File, Format Version 12.00
# Visual Studio 15
Project("{FAE04EC0-301F-11D3-BF4B-00C04F79EFBC}") = "Assembly-CSharp", "Assembly-CSharp.csproj", "{1F920B9D-7C6C-D0B2-626D-02AB412C4B2A}"
EndProject
Project("{FAE04EC0-301F-11D3-BF4B-00C04F79EFBC}") = "Assembly-CSharp-firstpass", "Assembly-CSharp-firstpass.csproj", "{05EBF5FA-06E9-2AE6-82FD-6D34C81E4D49}"
EndProject
Project("{FAE04EC0-301F-11D3-BF4B-00C04F79EFBC}") = "Assembly-CSharp-Editor", "Assembly-CSharp-Editor.csproj", "{1EB368AA-0F16-4FF3-90E9-9A3141933FBF}"
EndProject
Global
	GlobalSection(SolutionConfigurationPlatforms) = preSolution
		Debug|Any CPU = Debug|Any CPU
		Release|Any CPU = Release|Any CPU
	EndGlobalSection
	GlobalSection(ProjectConfigurationPlatforms) = postSolution
		{1F920B9D-7C6C-D0B2-626D-02AB412C4B2A}.Debug|Any CPU.ActiveCfg = Debug|Any CPU
		{1F920B9D-7C6C-D0B2-626D-02AB412C4B2A}.Debug|Any CPU.Build.0 = Debug|Any CPU
		{1F920B9D-7C6C-D0B2-626D-02AB412C4B2A}.Release|Any CPU.ActiveCfg = Release|Any CPU
		{1F920B9D-7C6C-D0B2-626D-02AB412C4B2A}.Release|Any CPU.Build.0 = Release|Any CPU
		{05EBF5FA-06E9-2AE6-82FD-6D34C81E4D49}.Debug|Any CPU.ActiveCfg = Debug|Any CPU
		{05EBF5FA-06E9-2AE6-82FD-6D34C81E4D49}.Debug|Any CPU.Build.0 = Debug|Any CPU
		{05EBF5FA-06E9-2AE6-82FD-6D34C81E4D49}.Release|Any CPU.ActiveCfg = Release|Any CPU
		{05EBF5FA-06E9-2AE6-82FD-6D34C81E4D49}.Release|Any CPU.Build.0 = Release|Any CPU
		{1EB368AA-0F16-4FF3-90E9-9A3141933FBF}.Debug|Any CPU.ActiveCfg = Debug|Any CPU
		{1EB368AA-0F16-4FF3-90E9-9A3141933FBF}.Debug|Any CPU.Build.0 = Debug|Any CPU
		{1EB368AA-0F16-4FF3-90E9-9A3141933FBF}.Release|Any CPU.ActiveCfg = Release|Any CPU
		{1EB368AA-0F16-4FF3-90E9-9A3141933FBF}.Release|Any CPU.Build.0 = Release|Any CPU
	EndGlobalSection
	GlobalSection(SolutionProperties) = preSolution
		HideSolutionNode = FALSE
	EndGlobalSection
EndGlobal
